dependencies:
  espressif/mdns:
    component_hash: 31117d76cae83a6d83ffd7f035f6fdae5bd05b914fc30b641afeb208b84de19a
    dependencies:
    - name: idf
      require: private
      version: '>=5.0'
    source:
      registry_url: https://components.espressif.com/
      type: service
    version: 1.3.2
  idf:
    source:
      type: idf
    version: 5.5.2
direct_dependencies:
- espressif/mdns
manifest_hash: 9d05c51c4e0784640e7fa46a7a39fc6111b8e03214922005bb034b3824ce265f
target: esp32s3
version: 2.0.0
